
Microsoft Visual Studio Solution File, Format Version 12.00
Project("{FAE04EC0-301F-11D3-BF4B-00C04F79EFBC}") = "MainModule", "MainModule\MainModule.csproj", "{FB0ADBD7-5D38-4A3C-9AE5-A41EC255C009}"
EndProject
Project("{FAE04EC0-301F-11D3-BF4B-00C04F79EFBC}") = "DoctorModule", "DoctorModule\DoctorModule.csproj", "{00249AB1-4CED-43DB-87F5-BAB16DF5CCF1}"
EndProject
Global
	GlobalSection(SolutionConfigurationPlatforms) = preSolution
		Debug|Any CPU = Debug|Any CPU
		Release|Any CPU = Release|Any CPU
	EndGlobalSection
	GlobalSection(ProjectConfigurationPlatforms) = postSolution
		{FB0ADBD7-5D38-4A3C-9AE5-A41EC255C009}.Debug|Any CPU.ActiveCfg = Debug|Any CPU
		{FB0ADBD7-5D38-4A3C-9AE5-A41EC255C009}.Debug|Any CPU.Build.0 = Debug|Any CPU
		{FB0ADBD7-5D38-4A3C-9AE5-A41EC255C009}.Release|Any CPU.ActiveCfg = Release|Any CPU
		{FB0ADBD7-5D38-4A3C-9AE5-A41EC255C009}.Release|Any CPU.Build.0 = Release|Any CPU
		{00249AB1-4CED-43DB-87F5-BAB16DF5CCF1}.Debug|Any CPU.ActiveCfg = Debug|Any CPU
		{00249AB1-4CED-43DB-87F5-BAB16DF5CCF1}.Debug|Any CPU.Build.0 = Debug|Any CPU
		{00249AB1-4CED-43DB-87F5-BAB16DF5CCF1}.Release|Any CPU.ActiveCfg = Release|Any CPU
		{00249AB1-4CED-43DB-87F5-BAB16DF5CCF1}.Release|Any CPU.Build.0 = Release|Any CPU
	EndGlobalSection
EndGlobal
